
Microsoft Visual Studio Solution File, Format Version 12.00
# Visual Studio Version 17
VisualStudioVersion = 17.2.32526.322
MinimumVisualStudioVersion = 10.0.40219.1
Project("{FAE04EC0-301F-11D3-BF4B-00C04F79EFBC}") = "Lab1", "Lab1\Lab1.csproj", "{9046A5CF-2368-4320-A1DD-2AFF889B83C2}"
EndProject
Global
	GlobalSection(SolutionConfigurationPlatforms) = preSolution
		Debug|Any CPU = Debug|Any CPU
		Release|Any CPU = Release|Any CPU
	EndGlobalSection
	GlobalSection(ProjectConfigurationPlatforms) = postSolution
		{9046A5CF-2368-4320-A1DD-2AFF889B83C2}.Debug|Any CPU.ActiveCfg = Debug|Any CPU
		{9046A5CF-2368-4320-A1DD-2AFF889B83C2}.Debug|Any CPU.Build.0 = Debug|Any CPU
		{9046A5CF-2368-4320-A1DD-2AFF889B83C2}.Release|Any CPU.ActiveCfg = Release|Any CPU
		{9046A5CF-2368-4320-A1DD-2AFF889B83C2}.Release|Any CPU.Build.0 = Release|Any CPU
	EndGlobalSection
	GlobalSection(SolutionProperties) = preSolution
		HideSolutionNode = FALSE
	EndGlobalSection
	GlobalSection(ExtensibilityGlobals) = postSolution
		SolutionGuid = {00913C26-AB71-43A7-98A2-70E877FF6551}
	EndGlobalSection
EndGlobal
